
Microsoft Visual Studio Solution File, Format Version 12.00
# Visual Studio 15
VisualStudioVersion = 15.0.28307.779
MinimumVisualStudioVersion = 10.0.40219.1
Project("{FAE04EC0-301F-11D3-BF4B-00C04F79EFBC}") = "WpfApp9", "WpfApp9\WpfApp9.csproj", "{29F88F68-890E-4F58-8E94-A52B3E4C4697}"
EndProject
Project("{FAE04EC0-301F-11D3-BF4B-00C04F79EFBC}") = "WpfApp1", "WpfApp1\WpfApp1.csproj", "{16F9FB25-48CB-4D46-A0A7-C571640CF539}"
EndProject
Project("{FAE04EC0-301F-11D3-BF4B-00C04F79EFBC}") = "WpfApp2", "WpfApp2\WpfApp2.csproj", "{C4A5E2D8-CC0D-474B-A846-6163BFCCA975}"
EndProject
Global
	GlobalSection(SolutionConfigurationPlatforms) = preSolution
		Debug|Any CPU = Debug|Any CPU
		Release|Any CPU = Release|Any CPU
	EndGlobalSection
	GlobalSection(ProjectConfigurationPlatforms) = postSolution
		{29F88F68-890E-4F58-8E94-A52B3E4C4697}.Debug|Any CPU.ActiveCfg = Debug|Any CPU
		{29F88F68-890E-4F58-8E94-A52B3E4C4697}.Debug|Any CPU.Build.0 = Debug|Any CPU
		{29F88F68-890E-4F58-8E94-A52B3E4C4697}.Release|Any CPU.ActiveCfg = Release|Any CPU
		{29F88F68-890E-4F58-8E94-A52B3E4C4697}.Release|Any CPU.Build.0 = Release|Any CPU
		{16F9FB25-48CB-4D46-A0A7-C571640CF539}.Debug|Any CPU.ActiveCfg = Debug|Any CPU
		{16F9FB25-48CB-4D46-A0A7-C571640CF539}.Debug|Any CPU.Build.0 = Debug|Any CPU
		{16F9FB25-48CB-4D46-A0A7-C571640CF539}.Release|Any CPU.ActiveCfg = Release|Any CPU
		{16F9FB25-48CB-4D46-A0A7-C571640CF539}.Release|Any CPU.Build.0 = Release|Any CPU
		{C4A5E2D8-CC0D-474B-A846-6163BFCCA975}.Debug|Any CPU.ActiveCfg = Debug|Any CPU
		{C4A5E2D8-CC0D-474B-A846-6163BFCCA975}.Debug|Any CPU.Build.0 = Debug|Any CPU
		{C4A5E2D8-CC0D-474B-A846-6163BFCCA975}.Release|Any CPU.ActiveCfg = Release|Any CPU
		{C4A5E2D8-CC0D-474B-A846-6163BFCCA975}.Release|Any CPU.Build.0 = Release|Any CPU
	EndGlobalSection
	GlobalSection(SolutionProperties) = preSolution
		HideSolutionNode = FALSE
	EndGlobalSection
	GlobalSection(ExtensibilityGlobals) = postSolution
		SolutionGuid = {CBF9E52B-D2A8-43F9-A4FE-2F92F245EEFB}
	EndGlobalSection
EndGlobal
